
Microsoft Visual Studio Solution File, Format Version 12.00
# Visual Studio Version 17
VisualStudioVersion = 17.14.36414.22 d17.14
MinimumVisualStudioVersion = 10.0.40219.1
Project("{FAE04EC0-301F-11D3-BF4B-00C04F79EFBC}") = "proyectoprodelamuerte04-11-25", "proyectoprodelamuerte04-11-25\proyectoprodelamuerte04-11-25.csproj", "{A49B7D43-DCAC-41A5-8FD7-177BE08EF280}"
EndProject
Global
	GlobalSection(SolutionConfigurationPlatforms) = preSolution
		Debug|Any CPU = Debug|Any CPU
		Release|Any CPU = Release|Any CPU
	EndGlobalSection
	GlobalSection(ProjectConfigurationPlatforms) = postSolution
		{A49B7D43-DCAC-41A5-8FD7-177BE08EF280}.Debug|Any CPU.ActiveCfg = Debug|Any CPU
		{A49B7D43-DCAC-41A5-8FD7-177BE08EF280}.Debug|Any CPU.Build.0 = Debug|Any CPU
		{A49B7D43-DCAC-41A5-8FD7-177BE08EF280}.Release|Any CPU.ActiveCfg = Release|Any CPU
		{A49B7D43-DCAC-41A5-8FD7-177BE08EF280}.Release|Any CPU.Build.0 = Release|Any CPU
	EndGlobalSection
	GlobalSection(SolutionProperties) = preSolution
		HideSolutionNode = FALSE
	EndGlobalSection
	GlobalSection(ExtensibilityGlobals) = postSolution
		SolutionGuid = {3C6D947D-A58A-44C8-B184-80D658F78246}
	EndGlobalSection
EndGlobal
